
Microsoft Visual Studio Solution File, Format Version 12.00
# Visual Studio Version 17
VisualStudioVersion = 17.12.35506.116 d17.12
MinimumVisualStudioVersion = 10.0.40219.1
Project("{FAE04EC0-301F-11D3-BF4B-00C04F79EFBC}") = "CRUD-MVVM", "CRUD-MVVM\CRUD-MVVM.csproj", "{155B1590-D736-4EAF-BF3C-70D0F03D0A91}"
EndProject
Global
	GlobalSection(SolutionConfigurationPlatforms) = preSolution
		Debug|Any CPU = Debug|Any CPU
		Release|Any CPU = Release|Any CPU
	EndGlobalSection
	GlobalSection(ProjectConfigurationPlatforms) = postSolution
		{155B1590-D736-4EAF-BF3C-70D0F03D0A91}.Debug|Any CPU.ActiveCfg = Debug|Any CPU
		{155B1590-D736-4EAF-BF3C-70D0F03D0A91}.Debug|Any CPU.Build.0 = Debug|Any CPU
		{155B1590-D736-4EAF-BF3C-70D0F03D0A91}.Release|Any CPU.ActiveCfg = Release|Any CPU
		{155B1590-D736-4EAF-BF3C-70D0F03D0A91}.Release|Any CPU.Build.0 = Release|Any CPU
	EndGlobalSection
	GlobalSection(SolutionProperties) = preSolution
		HideSolutionNode = FALSE
	EndGlobalSection
EndGlobal
